
Microsoft Visual Studio Solution File, Format Version 12.00
# Visual Studio Version 17
VisualStudioVersion = 17.8.34316.72
MinimumVisualStudioVersion = 10.0.40219.1
Project("{FAE04EC0-301F-11D3-BF4B-00C04F79EFBC}") = "Student_Management.Server", "Student_Management.Server\Student_Management.Server.csproj", "{32B5D06E-1FDF-44FD-B32C-16A9E60CB09C}"
EndProject
Project("{54A90642-561A-4BB1-A94E-469ADEE60C69}") = "student_management.client", "student_management.client\student_management.client.esproj", "{733E78DA-40CC-47FC-BA77-1A3A4A73B8CF}"
EndProject
Global
	GlobalSection(SolutionConfigurationPlatforms) = preSolution
		Debug|Any CPU = Debug|Any CPU
		Release|Any CPU = Release|Any CPU
	EndGlobalSection
	GlobalSection(ProjectConfigurationPlatforms) = postSolution
		{32B5D06E-1FDF-44FD-B32C-16A9E60CB09C}.Debug|Any CPU.ActiveCfg = Debug|Any CPU
		{32B5D06E-1FDF-44FD-B32C-16A9E60CB09C}.Debug|Any CPU.Build.0 = Debug|Any CPU
		{32B5D06E-1FDF-44FD-B32C-16A9E60CB09C}.Release|Any CPU.ActiveCfg = Release|Any CPU
		{32B5D06E-1FDF-44FD-B32C-16A9E60CB09C}.Release|Any CPU.Build.0 = Release|Any CPU
		{733E78DA-40CC-47FC-BA77-1A3A4A73B8CF}.Debug|Any CPU.ActiveCfg = Debug|Any CPU
		{733E78DA-40CC-47FC-BA77-1A3A4A73B8CF}.Debug|Any CPU.Build.0 = Debug|Any CPU
		{733E78DA-40CC-47FC-BA77-1A3A4A73B8CF}.Debug|Any CPU.Deploy.0 = Debug|Any CPU
		{733E78DA-40CC-47FC-BA77-1A3A4A73B8CF}.Release|Any CPU.ActiveCfg = Release|Any CPU
		{733E78DA-40CC-47FC-BA77-1A3A4A73B8CF}.Release|Any CPU.Build.0 = Release|Any CPU
		{733E78DA-40CC-47FC-BA77-1A3A4A73B8CF}.Release|Any CPU.Deploy.0 = Release|Any CPU
	EndGlobalSection
	GlobalSection(SolutionProperties) = preSolution
		HideSolutionNode = FALSE
	EndGlobalSection
	GlobalSection(ExtensibilityGlobals) = postSolution
		SolutionGuid = {E2E30451-38D4-4945-ADDA-3083D37F1292}
	EndGlobalSection
EndGlobal
